<Solution>
  <Project Path="Punto1/Punto1.csproj" Id="c9aea8f9-27cc-4fc8-b572-bc844df68d72" />
  <Project Path="Punto2/Punto2.csproj" Id="1c1c7c1e-8f0b-4e60-bebc-f74cf9a09eb2" />
  <Project Path="Punto3/Punto3.csproj" Id="7723640c-f493-4be0-a731-d0ee2fa17a47" />
  <Project Path="Punto4/Punto4.csproj" Id="ab3b0a4f-387b-452f-883f-b02da8d70887" />
</Solution>
