<Solution>
  <Project Path="Punto1/Punto1.csproj" Id="849dd705-911b-4c34-a993-969908a381ea" />
  <Project Path="Punto2/Punto2.csproj" Id="ba2f0bd6-9b87-455d-8d14-3f498d8b0938" />
  <Project Path="Punto3/Punto3.csproj" Id="a3862218-85bc-4fe9-8156-04381d76523f" />
  <Project Path="Punto4/Punto4.csproj" Id="fb115ae7-97a0-4f5e-a9c8-f20683e60c79" />
</Solution>
