<Solution>
  <Project Path="Ejercicio1/Ejercicio1.csproj" Id="32a62fcf-48ec-4a9f-b9e3-dd567ea48298" />
  <Project Path="Ejercicio2/Ejercicio2.csproj" Id="bc58d998-3b71-4c6b-a372-48603ce5f853" />
  <Project Path="Ejercicio3/Ejercicio3.csproj" Id="a0b5f04b-da99-4684-8408-a3137510b244" />
  <Project Path="Ejercicio4/Ejercicio4.csproj" Id="8676d291-9cc4-4649-afff-29649c88e211" />
  <Project Path="Ejercicio5/Ejercicio5.csproj" Id="98411299-987d-4e0f-8673-3c4023f6ecea" />
</Solution>
