<Solution>
  <Project Path="Punto1/Punto1.csproj" Id="9b4d4b5d-0d12-422d-a8e9-55ba5c0080e7" />
  <Project Path="Punto2/Punto2.csproj" Id="3e3ed084-ffb1-4964-849f-170e5fa2b803" />
  <Project Path="Punto3/Punto3.csproj" Id="8a983bb9-61be-4698-8be1-907cedeb8c26" />
  <Project Path="Punto4/Punto4.csproj" Id="9ceabee2-e543-42f0-83f2-a0e5ed9d6b8c" />
</Solution>
