<Solution>
  <Project Path="Punto1/Punto1.csproj" Id="464dea7f-ef89-4044-a0c3-b8c8768b013c" />
  <Project Path="Punto2/Punto2.csproj" Id="54171936-a089-4d3b-bdd7-9afa3af8d557" />
  <Project Path="Punto3/Punto3.csproj" Id="25add201-497c-4d8b-b0fe-be9d7447abf1" />
  <Project Path="Punto4/Punto4.csproj" Id="424a3bff-2fe1-4062-8919-6a8b9c1a526e" />
</Solution>
